# This file is automatically @generated by Poetry 2.4.0 and should not be changed by hand.

[[package]]
name = "altgraph"
version = "0.17.5"
description = "Python graph (network) package"
optional = false
python-versions = "*"
groups = ["dev"]
files = [
    {file = "altgraph-0.17.5-py2.py3-none-any.whl", hash = "sha256:f3a22400bce1b0c701683820ac4f3b159cd301acab067c51c653e06961600597"},
    {file = "altgraph-0.17.5.tar.gz", hash = "sha256:c87b395dd12fabde9c99573a9749d67da8d29ef9de0125c7f536699b4a9bc9e7"},
]

[[package]]
name = "dnspython"
version = "2.8.0"
description = "DNS toolkit"
optional = false
python-versions = ">=3.10"
groups = ["main"]
files = [
    {file = "dnspython-2.8.0-py3-none-any.whl", hash = "sha256:01d9bbc4a2d76bf0db7c1f729812ded6d912bd318d3b1cf81d30c0f845dbf3af"},
    {file = "dnspython-2.8.0.tar.gz", hash = "sha256:181d3c6996452cb1189c4046c61599b84a5a86e099562ffde77d26984ff26d0f"},
]

[package.extras]
dev = ["black (>=25.1.0)", "coverage (>=7.0)", "flake8 (>=7)", "hypercorn (>=0.17.0)", "mypy (>=1.17)", "pylint (>=3)", "pytest (>=8.4)", "pytest-cov (>=6.2.0)", "quart-trio (>=0.12.0)", "sphinx (>=8.2.0)", "sphinx-rtd-theme (>=3.0.0)", "twine (>=6.1.0)", "wheel (>=0.45.0)"]
dnssec = ["cryptography (>=45)"]
doh = ["h2 (>=4.2.0)", "httpcore (>=1.0.0)", "httpx (>=0.28.0)"]
doq = ["aioquic (>=1.2.0)"]
idna = ["idna (>=3.10)"]
trio = ["trio (>=0.30)"]
wmi = ["wmi (>=1.5.1) ; platform_system == \"Windows\""]

[[package]]
name = "macholib"
version = "1.16.4"
description = "Mach-O header analysis and editing"
optional = false
python-versions = "*"
groups = ["dev"]
markers = "sys_platform == \"darwin\""
files = [
    {file = "macholib-1.16.4-py2.py3-none-any.whl", hash = "sha256:da1a3fa8266e30f0ce7e97c6a54eefaae8edd1e5f86f3eb8b95457cae90265ea"},
    {file = "macholib-1.16.4.tar.gz", hash = "sha256:f408c93ab2e995cd2c46e34fe328b130404be143469e41bc366c807448979362"},
]

[package.dependencies]
altgraph = ">=0.17"

[[package]]
name = "markdown2"
version = "2.5.4"
description = "A fast and complete Python implementation of Markdown"
optional = false
python-versions = "<4,>=3.9"
groups = ["main"]
files = [
    {file = "markdown2-2.5.4-py3-none-any.whl", hash = "sha256:3c4b2934e677be7fec0e6f2de4410e116681f4ad50ec8e5ba7557be506d3f439"},
    {file = "markdown2-2.5.4.tar.gz", hash = "sha256:a09873f0b3c23dbfae589b0080587df52ad75bb09a5fa6559147554736676889"},
]

[package.extras]
all = ["latex2mathml ; python_version >= \"3.8.1\"", "pygments (>=2.7.3)", "wavedrom"]
code-syntax-highlighting = ["pygments (>=2.7.3)"]
latex = ["latex2mathml ; python_version >= \"3.8.1\""]
wavedrom = ["wavedrom"]

[[package]]
name = "mongita"
version = "1.2.0"
description = "Mongita is a lightweight embedded document database that implements a commonly-used subset of the MongoDB/PyMongo interface."
optional = false
python-versions = ">=3.7"
groups = ["main"]
files = [
    {file = "mongita-1.2.0.tar.gz", hash = "sha256:27487d1deb40d83e4ecb107c3d9d732d369a83cc5f10599ba86fc024e2ce9cda"},
]

[package.dependencies]
pymongo = ">=3.0,<5.0"
sortedcontainers = ">=2.3,<3.0"

[[package]]
name = "numpy"
version = "2.4.6"
description = "Fundamental package for array computing in Python"
optional = false
python-versions = ">=3.11"
groups = ["main"]
files = [
    {file = "numpy-2.4.6-cp311-cp311-macosx_10_9_x86_64.whl", hash = "sha256:0280e0356c0829a18d9de1cb7eee50ec22ca639878d7240307ca0943d73cd2c4"},
    {file = "numpy-2.4.6-cp311-cp311-macosx_11_0_arm64.whl", hash = "sha256:110f8b71aacb688ec69062bb7f6938a0f8acb01b7c1c4beb453c65b6d234584d"},
    {file = "numpy-2.4.6-cp311-cp311-macosx_14_0_arm64.whl", hash = "sha256:4cfe66903cc32a9921a6733d96b19bb6abf310397581bbad89c228f5abaf0ee8"},
    {file = "numpy-2.4.6-cp311-cp311-macosx_14_0_x86_64.whl", hash = "sha256:8155154c7c691289fe18f510b5d4657c68c67989f293f0535a91360392ff6538"},
    {file = "numpy-2.4.6-cp311-cp311-manylinux_2_27_aarch64.manylinux_2_28_aarch64.whl", hash = "sha256:0ab0a9c4ffb1a6d95ef519fe4247dba8eb6b18ad93999f76b7f657039acabd47"},
    {file = "numpy-2.4.6-cp311-cp311-manylinux_2_27_x86_64.manylinux_2_28_x86_64.whl", hash = "sha256:89cd468399cfd2504718f0ba50e410dca55a170b61a02ad92bb18c8a65186e93"},
    {file = "numpy-2.4.6-cp311-cp311-musllinux_1_2_aarch64.whl", hash = "sha256:c2d37ab77531417474168eb79d6d80b14f821a966818505d03013d0833edb7a8"},
    {file = "numpy-2.4.6-cp311-cp311-musllinux_1_2_x86_64.whl", hash = "sha256:f407cb6b8e9d6d8c626bc73c945db1706035af8fd632295547bf1c9e46d092d6"},
    {file = "numpy-2.4.6-cp311-cp311-win32.whl", hash = "sha256:ddea102b48f9e339f3948bf22040944184627a30fdf7f858667673b9c5f033c8"},
    {file = "numpy-2.4.6-cp311-cp311-win_amd64.whl", hash = "sha256:1e254a00cdf42b1e4d5b3d68d33af63268d41340d8885df2ab6470f2e1500147"},
    {file = "numpy-2.4.6-cp311-cp311-win_arm64.whl", hash = "sha256:ed9749eef4cbd126da3dc1d6bcb3a57f5eb7ac6a6484146bdbf743f552dfc577"},
    {file = "numpy-2.4.6-cp312-cp312-macosx_10_13_x86_64.whl", hash = "sha256:001fbb8e08d942dd57599e781f2472269ee7f2755fae407b4f67b2f0b17da3f1"},
    {file = "numpy-2.4.6-cp312-cp312-macosx_11_0_arm64.whl", hash = "sha256:ebfb099f8dcf083deef3ac1ca4c1503f387cf76296fcb3816b66f5ecb5f54fdb"},
    {file = "numpy-2.4.6-cp312-cp312-macosx_14_0_arm64.whl", hash = "sha256:3213d622a0283a39a93d188f3cf72b26862df52fbb4ca3697f51705016523d41"},
    {file = "numpy-2.4.6-cp312-cp312-macosx_14_0_x86_64.whl", hash = "sha256:357cc07a6d7b0b182ff02249616a03742827ebb1277546b5c7cd7f7620a45698"},
    {file = "numpy-2.4.6-cp312-cp312-manylinux_2_27_aarch64.manylinux_2_28_aarch64.whl", hash = "sha256:5f9fb9157b4ce2971008323afe46053787b526ef624fea915b261468a8421a0f"},
    {file = "numpy-2.4.6-cp312-cp312-manylinux_2_27_x86_64.manylinux_2_28_x86_64.whl", hash = "sha256:90f9849678c75fe7afa2d348ac842c168b0a4d3d61919687216dfc547976d853"},
    {file = "numpy-2.4.6-cp312-cp312-musllinux_1_2_aarch64.whl", hash = "sha256:c1a2af6c6ef86344a6b0db6b97834208bf598db514f2b155042439b62605601a"},
    {file = "numpy-2.4.6-cp312-cp312-musllinux_1_2_x86_64.whl", hash = "sha256:e5805d5a22fd19c8ccff10a9561f9df94436b0545619ea579db2d3c35294bce2"},
    {file = "numpy-2.4.6-cp312-cp312-win32.whl", hash = "sha256:e3eeb0aabd6bd5ce64faae67e9935203a6991b4bc2a485a767fbafb2c5125f45"},
    {file = "numpy-2.4.6-cp312-cp312-win_amd64.whl", hash = "sha256:d8e8286dd7cea7895157318d1b91cdacac64c479f3cbc8dce548331728484751"},
    {file = "numpy-2.4.6-cp312-cp312-win_arm64.whl", hash = "sha256:4081eb135ac24158bd51cdfbef16f1c64df7063b1143f24731387137c092bec8"},
    {file = "numpy-2.4.6-cp313-cp313-macosx_10_13_x86_64.whl", hash = "sha256:511dbaf848decaaaf4b4ca48032619fb3138710c4bf7da7617765edad1ef96b0"},
    {file = "numpy-2.4.6-cp313-cp313-macosx_11_0_arm64.whl", hash = "sha256:bf162abab1c1a736333192707cef898e735a5ca00f38f27eeedf44b39d9e85eb"},
    {file = "numpy-2.4.6-cp313-cp313-macosx_14_0_arm64.whl", hash = "sha256:043191bfa8eab18c776647b62723ac9dddece59743b13f49b2016094129c2b3f"},
    {file = "numpy-2.4.6-cp313-cp313-macosx_14_0_x86_64.whl", hash = "sha256:6180d8b35af935aed8ece3a85e0a43f87393ae0ac87c8d2c8bd2c993f7270ef3"},
    {file = "numpy-2.4.6-cp313-cp313-manylinux_2_27_aarch64.manylinux_2_28_aarch64.whl", hash = "sha256:72fbe16c6fac95aedf5937fa873445cec2110be35d8a4e9433d7501fd98dae6b"},
    {file = "numpy-2.4.6-cp313-cp313-manylinux_2_27_x86_64.manylinux_2_28_x86_64.whl", hash = "sha256:a7830bab239b79cda9c08c2da014761cafb48da6150e1da17ac06283f43b6089"},
    {file = "numpy-2.4.6-cp313-cp313-musllinux_1_2_aarch64.whl", hash = "sha256:ef4aea96ce4d3b074422cb4f2f64e216bf9e213004bb58ecfdf50ea02ea8eb9a"},
    {file = "numpy-2.4.6-cp313-cp313-musllinux_1_2_x86_64.whl", hash = "sha256:dfa20cc6ca228e6b155b11da03825975ce66aea520985dbbddf0f2a5a495c605"},
    {file = "numpy-2.4.6-cp313-cp313-win32.whl", hash = "sha256:56b39e5e0622a09a25bf5baf62f4bcf0cb8a41ae6e2819cf49bbc5a74c083f91"},
    {file = "numpy-2.4.6-cp313-cp313-win_amd64.whl", hash = "sha256:c4fc99836233ea196540b17ab0983aff60ed07941751930f5f4d05bc3b3b7359"},
    {file = "numpy-2.4.6-cp313-cp313-win_arm64.whl", hash = "sha256:a7c711e21628b52034bb5ab8d1bce291f752fcc5e92accc615778acee1ff4778"},
    {file = "numpy-2.4.6-cp313-cp313t-macosx_11_0_arm64.whl", hash = "sha256:112b06a867b235ef466ed3508ddf0238050df9c727cafb5301ac385b899189a1"},
    {file = "numpy-2.4.6-cp313-cp313t-macosx_14_0_arm64.whl", hash = "sha256:eaf7fa2de5c0be8ae6ff8e9bea2ccd725e980541244521d8d4b5f3354a27babe"},
    {file = "numpy-2.4.6-cp313-cp313t-macosx_14_0_x86_64.whl", hash = "sha256:7265a2f3d436e54ef9f2b52b5c937e6be778781bd97a590319d7348f1c1ca997"},
    {file = "numpy-2.4.6-cp313-cp313t-manylinux_2_27_aarch64.manylinux_2_28_aarch64.whl", hash = "sha256:f74a575920ab21fe304421a3fc28793d82e299cae9eccb37084e9fc7f3617c20"},
    {file = "numpy-2.4.6-cp313-cp313t-manylinux_2_27_x86_64.manylinux_2_28_x86_64.whl", hash = "sha256:ede83e07a75dd06bc501566c1eca2afc0d61677c1472ac9ad93fdee6e638a48d"},
    {file = "numpy-2.4.6-cp313-cp313t-musllinux_1_2_aarch64.whl", hash = "sha256:68bb27509ac1b9a3443094260f6326150663b06abe40b73a2f81160623da5b67"},
    {file = "numpy-2.4.6-cp313-cp313t-musllinux_1_2_x86_64.whl", hash = "sha256:a0df0043bdb289bde1f62da130d20df23d58b45429f752bc7a8fc5325a225ecd"},
    {file = "numpy-2.4.6-cp313-cp313t-win32.whl", hash = "sha256:29a287e0cf63ff528da061de6b9f64a4618da591ca1046aafc54062e40ca7eab"},
    {file = "numpy-2.4.6-cp313-cp313t-win_amd64.whl", hash = "sha256:25c692919ac5a01f170a3bfcd62d745b24fd095c353d50812637d6fcab442e75"},
    {file = "numpy-2.4.6-cp313-cp313t-win_arm64.whl", hash = "sha256:1e978ec1e8bd0e0e4de6bb75de9d30cbb74db6b6a2bb727618613703ca0167dd"},
    {file = "numpy-2.4.6-cp314-cp314-macosx_10_15_x86_64.whl", hash = "sha256:06ca2f61ec4385a07a6977c55ba998a4466c123642b4a32694d3128fce18c079"},
    {file = "numpy-2.4.6-cp314-cp314-macosx_11_0_arm64.whl", hash = "sha256:38efbc8de75c7a0fc1ac190162d892787f3f47b57cc291231aafee36b80982b7"},
    {file = "numpy-2.4.6-cp314-cp314-macosx_14_0_arm64.whl", hash = "sha256:d581b735e177fdcdce6fed8e7e8880a3fb6ee4e3653a3ac6af01c6f4c03effc5"},
    {file = "numpy-2.4.6-cp314-cp314-macosx_14_0_x86_64.whl", hash = "sha256:0a041d3d761dc3c35cc56ce0351506a02bcbc25f7b169f652435141a17db9096"},
    {file = "numpy-2.4.6-cp314-cp314-manylinux_2_27_aarch64.manylinux_2_28_aarch64.whl", hash = "sha256:40fdc1ae7125e518ea98e53e69a4ebc27e1fd50510c47b7ea130cf21e5e1d42b"},
    {file = "numpy-2.4.6-cp314-cp314-manylinux_2_27_x86_64.manylinux_2_28_x86_64.whl", hash = "sha256:a2c306dea656c12c68f51f4cea133cbe78ca7435eb28c735eac1d3ebe73be6e8"},
    {file = "numpy-2.4.6-cp314-cp314-musllinux_1_2_aarch64.whl", hash = "sha256:33111801a01c12a8a1e3721f0a9232f8cfc8ae2c6b7098167e6f623c6073f402"},
    {file = "numpy-2.4.6-cp314-cp314-musllinux_1_2_x86_64.whl", hash = "sha256:ae506e6902902557576a26ff33eda8695e7ecb3cb36c3b573a0765dee114ebdb"},
    {file = "numpy-2.4.6-cp314-cp314-win32.whl", hash = "sha256:aaf159caa35993cb1f56fb9b8e4610d35758e7ca005412eb1daa856a78c9c4b1"},
    {file = "numpy-2.4.6-cp314-cp314-win_amd64.whl", hash = "sha256:b507f5c4c1d508876d1819b6bf9a49d365b96320b5d4993426b33a23ca4b8261"},
    {file = "numpy-2.4.6-cp314-cp314-win_arm64.whl", hash = "sha256:6f41ae150c4e32db4f3310cdaf64b1593a03dbabe29eec77fc9b50fe64061df6"},
    {file = "numpy-2.4.6-cp314-cp314t-macosx_11_0_arm64.whl", hash = "sha256:ece3d2cfe132e7d51f44a832b303895e6f2d499c5e74dfbdb06ee246147a304a"},
    {file = "numpy-2.4.6-cp314-cp314t-macosx_14_0_arm64.whl", hash = "sha256:e3e5193ef5a3dc73bceee50f7fdc2c90dbb76c42df8d8fae3d1067a583df579e"},
    {file = "numpy-2.4.6-cp314-cp314t-macosx_14_0_x86_64.whl", hash = "sha256:17f9ade344e7d9b464a084d69bcf18fc691cb1db67c62ed80820bf4926d78f0e"},
    {file = "numpy-2.4.6-cp314-cp314t-manylinux_2_27_aarch64.manylinux_2_28_aarch64.whl", hash = "sha256:9cd5ffd25db4e7ba6a375693b3fc0fc1791ec636c17db3720da19bde7180ec43"},
    {file = "numpy-2.4.6-cp314-cp314t-manylinux_2_27_x86_64.manylinux_2_28_x86_64.whl", hash = "sha256:7d92c3819208a60205a12a245c91ad70cb0a85336659b19b834205573ac8456e"},
    {file = "numpy-2.4.6-cp314-cp314t-musllinux_1_2_aarch64.whl", hash = "sha256:e85b752a1e912b70eaad4fafbd4d1238007ab221de2009b9a2f5ae7461239895"},
    {file = "numpy-2.4.6-cp314-cp314t-musllinux_1_2_x86_64.whl", hash = "sha256:29cb7f67d10b479ff07c17d33e39f78c07f71c40ef30d63c153d340e96cd3fb4"},
    {file = "numpy-2.4.6-cp314-cp314t-win32.whl", hash = "sha256:260a5d70215b61ab4fadf5c7baacd64821842975eea312125ed3c39a6391b063"},
    {file = "numpy-2.4.6-cp314-cp314t-win_amd64.whl", hash = "sha256:81a1cca95ed5bb92aa8b10dd2cdc9a0d3853a50fad926c28b5d7e8ea54389627"},
    {file = "numpy-2.4.6-cp314-cp314t-win_arm64.whl", hash = "sha256:0c9136e14ed34a9e343a31c533d78a9813a69a3148332bce5e9821cb2f996e66"},
    {file = "numpy-2.4.6-pp311-pypy311_pp73-macosx_10_15_x86_64.whl", hash = "sha256:55cced7c52e981362f708ad635198e97a752dfba412cc03c23bbf3bd8d5cd662"},
    {file = "numpy-2.4.6-pp311-pypy311_pp73-macosx_11_0_arm64.whl", hash = "sha256:d6da64deb6b8ed903e7560180a92f2d804ee1ba5eeb849ac2748b8c1aba1f6d7"},
    {file = "numpy-2.4.6-pp311-pypy311_pp73-macosx_14_0_arm64.whl", hash = "sha256:68a5124b13fa6cc2086764a20005d30bc0548146f7f5322f02fce212ca14317f"},
    {file = "numpy-2.4.6-pp311-pypy311_pp73-macosx_14_0_x86_64.whl", hash = "sha256:948424b06129ce883307e8cff868c31396d8dc7630a59c61d70d98dbe70f222c"},
    {file = "numpy-2.4.6-pp311-pypy311_pp73-manylinux_2_27_aarch64.manylinux_2_28_aarch64.whl", hash = "sha256:5dbbdb29840ca3d91ee0fece42fc29278886d908280bfec0a5846c6f901a3eb0"},
    {file = "numpy-2.4.6-pp311-pypy311_pp73-manylinux_2_27_x86_64.manylinux_2_28_x86_64.whl", hash = "sha256:8ad03c0965fb3c692200e74d458ca28c1dbb4ce96f9a479a8aa041ad5fabca02"},
    {file = "numpy-2.4.6-pp311-pypy311_pp73-win_amd64.whl", hash = "sha256:2803abfebfc990042cd494d8ce2d5f82e9d847af6d35ec486923aa19dbad5e73"},
    {file = "numpy-2.4.6.tar.gz", hash = "sha256:f3a3570c4a2a16746ac2c31a7c7c7b0c186b95ce902e33db6f28094ed7387dda"},
]

[[package]]
name = "packaging"
version = "25.0"
description = "Core utilities for Python packages"
optional = false
python-versions = ">=3.8"
groups = ["main", "dev"]
files = [
    {file = "packaging-25.0-py3-none-any.whl", hash = "sha256:29572ef2b1f17581046b3a2227d5c611fb25ec70ca1ba8554b24b0e69331a484"},
    {file = "packaging-25.0.tar.gz", hash = "sha256:d443872c98d677bf60f6a1f2f8c1cb748e8fe762d2bf9d3148b5599295b0fc4f"},
]

[[package]]
name = "pefile"
version = "2024.8.26"
description = "Python PE parsing module"
optional = false
python-versions = ">=3.6.0"
groups = ["dev"]
markers = "sys_platform == \"win32\""
files = [
    {file = "pefile-2024.8.26-py3-none-any.whl", hash = "sha256:76f8b485dcd3b1bb8166f1128d395fa3d87af26360c2358fb75b80019b957c6f"},
    {file = "pefile-2024.8.26.tar.gz", hash = "sha256:3ff6c5d8b43e8c37bb6e6dd5085658d658a7a0bdcd20b6a07b1fcfc1c4e9d632"},
]

[[package]]
name = "pyinstaller"
version = "6.17.0"
description = "PyInstaller bundles a Python application and all its dependencies into a single package."
optional = false
python-versions = "<3.15,>=3.8"
groups = ["dev"]
files = [
    {file = "pyinstaller-6.17.0-py3-none-macosx_10_13_universal2.whl", hash = "sha256:4e446b8030c6e5a2f712e3f82011ecf6c7ead86008357b0d23a0ec4bcde31dac"},
    {file = "pyinstaller-6.17.0-py3-none-manylinux2014_aarch64.whl", hash = "sha256:aa9fd87aaa28239c6f0d0210114029bd03f8cac316a90bab071a5092d7c85ad7"},
    {file = "pyinstaller-6.17.0-py3-none-manylinux2014_i686.whl", hash = "sha256:060b122e43e7c0b23e759a4153be34bd70914135ab955bb18a67181e0dca85a2"},
    {file = "pyinstaller-6.17.0-py3-none-manylinux2014_ppc64le.whl", hash = "sha256:cd213d1a545c97dfe4a3c40e8213ff7c5127fc115c49229f27a3fa541503444b"},
    {file = "pyinstaller-6.17.0-py3-none-manylinux2014_s390x.whl", hash = "sha256:89c0d18ba8b62c6607abd8cf2299ae5ffa5c36d8c47f39608ce8c3f357f6099f"},
    {file = "pyinstaller-6.17.0-py3-none-manylinux2014_x86_64.whl", hash = "sha256:2a147b83cdebb07855bd5a663600891550062373a2ca375c58eacead33741a27"},
    {file = "pyinstaller-6.17.0-py3-none-musllinux_1_1_aarch64.whl", hash = "sha256:f8cfbbfa6708e54fb936df6dd6eafaf133e84efb0d2fe25b91cfeefa793c4ca4"},
    {file = "pyinstaller-6.17.0-py3-none-musllinux_1_1_x86_64.whl", hash = "sha256:97f4c1942f7b4cd73f9e38b49cc8f5f8a6fbb44922cb60dd3073a189b77ee1ae"},
    {file = "pyinstaller-6.17.0-py3-none-win32.whl", hash = "sha256:ce0be227a037fd4be672226db709088565484f597d6b230bceec19850fdd4c85"},
    {file = "pyinstaller-6.17.0-py3-none-win_amd64.whl", hash = "sha256:b019940dbf7a01489d6b26f9fb97db74b504e0a757010f7ad078675befc85a82"},
    {file = "pyinstaller-6.17.0-py3-none-win_arm64.whl", hash = "sha256:3c92a335e338170df7e615f75279cfeea97ade89e6dd7694943c8c185460f7b7"},
    {file = "pyinstaller-6.17.0.tar.gz", hash = "sha256:be372bd911392b88277e510940ac32a5c2a6ce4b8d00a311c78fa443f4f27313"},
]

[package.dependencies]
altgraph = "*"
macholib = {version = ">=1.8", markers = "sys_platform == \"darwin\""}
packaging = ">=22.0"
pefile = {version = ">=2022.5.30", markers = "sys_platform == \"win32\""}
pyinstaller-hooks-contrib = ">=2025.9"
pywin32-ctypes = {version = ">=0.2.1", markers = "sys_platform == \"win32\""}
setuptools = ">=42.0.0"

[package.extras]
completion = ["argcomplete"]
hook-testing = ["execnet (>=1.5.0)", "psutil", "pytest (>=2.7.3)"]

[[package]]
name = "pyinstaller-hooks-contrib"
version = "2025.11"
description = "Community maintained hooks for PyInstaller"
optional = false
python-versions = ">=3.8"
groups = ["dev"]
files = [
    {file = "pyinstaller_hooks_contrib-2025.11-py3-none-any.whl", hash = "sha256:777e163e2942474aa41a8e6d31ac1635292d63422c3646c176d584d04d971c34"},
    {file = "pyinstaller_hooks_contrib-2025.11.tar.gz", hash = "sha256:dfe18632e06655fa88d218e0d768fd753e1886465c12a6d4bce04f1aaeec917d"},
]

[package.dependencies]
packaging = ">=22.0"
setuptools = ">=42.0.0"

[[package]]
name = "pymongo"
version = "4.15.5"
description = "PyMongo - the Official MongoDB Python driver"
optional = false
python-versions = ">=3.9"
groups = ["main"]
files = [
    {file = "pymongo-4.15.5-cp310-cp310-macosx_10_9_x86_64.whl", hash = "sha256:a01a2054d50b50c121c720739a2216d855c48726b0002894de9b991cdd68a2a5"},
    {file = "pymongo-4.15.5-cp310-cp310-macosx_11_0_arm64.whl", hash = "sha256:5e57968139d81367117ed7b75d921445a575d4d7e61536f5e860475df92ac0a9"},
    {file = "pymongo-4.15.5-cp310-cp310-manylinux1_i686.manylinux_2_28_i686.manylinux_2_5_i686.whl", hash = "sha256:266aa37e3673e5dcfdd359a81d27131fc133e49cf8e5d9f9f27a5845fac2cd1f"},
    {file = "pymongo-4.15.5-cp310-cp310-manylinux2014_aarch64.manylinux_2_17_aarch64.manylinux_2_28_aarch64.whl", hash = "sha256:2883da6bd0545cc2f12672f6a609b33d48e099a220872ca2bf9bf29fe96a32c3"},
    {file = "pymongo-4.15.5-cp310-cp310-manylinux2014_ppc64le.manylinux_2_17_ppc64le.manylinux_2_28_ppc64le.whl", hash = "sha256:2fc32b354a608ec748d89bbe236b74b967890667eea1af54e92dfd8fbf26df52"},
    {file = "pymongo-4.15.5-cp310-cp310-manylinux2014_s390x.manylinux_2_17_s390x.manylinux_2_28_s390x.whl", hash = "sha256:3c006cbaa4b40d296dd2bb8828976866c876ead4c39032b761dcf26f1ba56fde"},
    {file = "pymongo-4.15.5-cp310-cp310-manylinux2014_x86_64.manylinux_2_17_x86_64.manylinux_2_28_x86_64.whl", hash = "sha256:ce21e3dc5939b83d03f871090d83ac29fef055bd057f8d3074b6cad10f86b04c"},
    {file = "pymongo-4.15.5-cp310-cp310-win32.whl", hash = "sha256:1b545dcf66a9f06e9b501bfb0438e1eb9af67336e8a5cf36c4bc0a5d3fbe7a37"},
    {file = "pymongo-4.15.5-cp310-cp310-win_amd64.whl", hash = "sha256:1ecc544f515f828f05d3c56cd98063ba3ef8b75f534c63de43306d59f1e93fcd"},
    {file = "pymongo-4.15.5-cp310-cp310-win_arm64.whl", hash = "sha256:1151968ab90db146f0591b6c7db27ce4f73c7ffa0bbddc1d7fb7cb14c9f0b967"},
    {file = "pymongo-4.15.5-cp311-cp311-macosx_10_9_x86_64.whl", hash = "sha256:57157a4b936e28e2fbe7017b2f6a751da5e284675cab371f2c596d4e0e4f58f3"},
    {file = "pymongo-4.15.5-cp311-cp311-macosx_11_0_arm64.whl", hash = "sha256:e2a34a7391f4cc54fc584e49db6f7c3929221a9da08b3af2d2689884a5943843"},
    {file = "pymongo-4.15.5-cp311-cp311-manylinux1_i686.manylinux_2_28_i686.manylinux_2_5_i686.whl", hash = "sha256:be040c8cdaf9c2d5ae9ab60a67ecab453ec19d9ccd457a678053fdceab5ee4c8"},
    {file = "pymongo-4.15.5-cp311-cp311-manylinux2014_aarch64.manylinux_2_17_aarch64.manylinux_2_28_aarch64.whl", hash = "sha256:defe93944526b1774265c16acf014689cb1b0b18eb84a7b370083b214f9e18cd"},
    {file = "pymongo-4.15.5-cp311-cp311-manylinux2014_ppc64le.manylinux_2_17_ppc64le.manylinux_2_28_ppc64le.whl", hash = "sha256:816e66116f0ef868eff0463a8b28774af8b547466dbad30c8e82bf0325041848"},
    {file = "pymongo-4.15.5-cp311-cp311-manylinux2014_s390x.manylinux_2_17_s390x.manylinux_2_28_s390x.whl", hash = "sha256:66c7b332532e0f021d784d04488dbf7ed39b7e7d6d5505e282ec8e9cf1025791"},
    {file = "pymongo-4.15.5-cp311-cp311-manylinux2014_x86_64.manylinux_2_17_x86_64.manylinux_2_28_x86_64.whl", hash = "sha256:acc46a9e47efad8c5229e644a3774169013a46ee28ac72d1fa4edd67c0b7ee9b"},
    {file = "pymongo-4.15.5-cp311-cp311-win32.whl", hash = "sha256:b9836c28ba350d8182a51f32ef9bb29f0c40e82ba1dfb9e4371cd4d94338a55d"},
    {file = "pymongo-4.15.5-cp311-cp311-win_amd64.whl", hash = "sha256:3a45876c5c2ab44e2a249fb542eba2a026f60d6ab04c7ef3924eae338d9de790"},
    {file = "pymongo-4.15.5-cp311-cp311-win_arm64.whl", hash = "sha256:e4a48fc5c712b3db85c9987cfa7fde0366b7930018de262919afd9e52cfbc375"},
    {file = "pymongo-4.15.5-cp312-cp312-macosx_10_13_x86_64.whl", hash = "sha256:c33477af1a50d1b4d86555e098fc2cf5992d839ad538dea0c00a8682162b7a75"},
    {file = "pymongo-4.15.5-cp312-cp312-macosx_11_0_arm64.whl", hash = "sha256:e6b30defa4a52d3698cd84d608963a8932f7e9b6ec5130087e7082552ac685e5"},
    {file = "pymongo-4.15.5-cp312-cp312-manylinux1_i686.manylinux_2_28_i686.manylinux_2_5_i686.whl", hash = "sha256:45fec063f5672e6173bcb09b492431e3641cc74399c2b996fcb995881c2cac61"},
    {file = "pymongo-4.15.5-cp312-cp312-manylinux2014_aarch64.manylinux_2_17_aarch64.manylinux_2_28_aarch64.whl", hash = "sha256:b8c6813110c0d9fde18674b7262f47a2270ae46c0ddd05711e6770caa3c9a3fb"},
    {file = "pymongo-4.15.5-cp312-cp312-manylinux2014_ppc64le.manylinux_2_17_ppc64le.manylinux_2_28_ppc64le.whl", hash = "sha256:e8ec48d1db9f44c737b13be4299a1782d5fde3e75423acbbbe927cb37ebbe87d"},
    {file = "pymongo-4.15.5-cp312-cp312-manylinux2014_s390x.manylinux_2_17_s390x.manylinux_2_28_s390x.whl", hash = "sha256:1f410694fdd76631ead7df6544cdeadaf2407179196c3642fced8e48bb21d0a6"},
    {file = "pymongo-4.15.5-cp312-cp312-manylinux2014_x86_64.manylinux_2_17_x86_64.manylinux_2_28_x86_64.whl", hash = "sha256:b8c46765d6ac5727a899190aacdeec7a57f8c93346124ddd7e12633b573e2e65"},
    {file = "pymongo-4.15.5-cp312-cp312-win32.whl", hash = "sha256:647118a58dca7d3547714fc0b383aebf81f5852f4173dfd77dd34e80eea9d29b"},
    {file = "pymongo-4.15.5-cp312-cp312-win_amd64.whl", hash = "sha256:099d3e2dddfc75760c6a8fadfb99c1e88824a99c2c204a829601241dff9da049"},
    {file = "pymongo-4.15.5-cp312-cp312-win_arm64.whl", hash = "sha256:649cb906882c4058f467f334fb277083998ba5672ffec6a95d6700db577fd31a"},
    {file = "pymongo-4.15.5-cp313-cp313-macosx_10_13_x86_64.whl", hash = "sha256:2b736226f9001bbbd02f822acb9b9b6d28319f362f057672dfae2851f7da6125"},
    {file = "pymongo-4.15.5-cp313-cp313-macosx_11_0_arm64.whl", hash = "sha256:60ea9f07fbbcc7c88f922082eb27436dce6756730fdef76a3a9b4c972d0a57a3"},
    {file = "pymongo-4.15.5-cp313-cp313-manylinux1_i686.manylinux_2_28_i686.manylinux_2_5_i686.whl", hash = "sha256:20af63218ae42870eaee31fb8cc4ce9e3af7f04ea02fc98ad751fb7a9c8d7be3"},
    {file = "pymongo-4.15.5-cp313-cp313-manylinux2014_aarch64.manylinux_2_17_aarch64.manylinux_2_28_aarch64.whl", hash = "sha256:20d9c11625392f1f8dec7688de5ce344e110ca695344efa313ae4839f13bd017"},
    {file = "pymongo-4.15.5-cp313-cp313-manylinux2014_ppc64le.manylinux_2_17_ppc64le.manylinux_2_28_ppc64le.whl", hash = "sha256:1202b3e5357b161acb7b7cc98e730288a5c15544e5ef7254b33931cb9a27c36e"},
    {file = "pymongo-4.15.5-cp313-cp313-manylinux2014_s390x.manylinux_2_17_s390x.manylinux_2_28_s390x.whl", hash = "sha256:63af710e9700dbf91abccf119c5f5533b9830286d29edb073803d3b252862c0d"},
    {file = "pymongo-4.15.5-cp313-cp313-manylinux2014_x86_64.manylinux_2_17_x86_64.manylinux_2_28_x86_64.whl", hash = "sha256:f22eeb86861cf7b8ee6886361d52abb88e3cd96c6f6d102e45e2604fc6e9e316"},
    {file = "pymongo-4.15.5-cp313-cp313-win32.whl", hash = "sha256:aad6efe82b085bf77cec2a047ded2c810e93eced3ccf1a8e3faec3317df3cd52"},
    {file = "pymongo-4.15.5-cp313-cp313-win_amd64.whl", hash = "sha256:ccc801f6d71ebee2ec2fb3acc64b218fa7cdb7f57933b2f8eee15396b662a0a0"},
    {file = "pymongo-4.15.5-cp313-cp313-win_arm64.whl", hash = "sha256:f043abdf20845bf29a554e95e4fe18d7d7a463095d6a1547699a12f80da91e02"},
    {file = "pymongo-4.15.5-cp314-cp314-macosx_10_15_x86_64.whl", hash = "sha256:ba0e75a390334221744e2666fd2d4c82419b580c9bc8d6e0d2d61459d263f3af"},
    {file = "pymongo-4.15.5-cp314-cp314-macosx_11_0_arm64.whl", hash = "sha256:853ec7da97642eabaf94d3de4453a86365729327d920af167bf14b2e87b24dce"},
    {file = "pymongo-4.15.5-cp314-cp314-manylinux1_i686.manylinux_2_28_i686.manylinux_2_5_i686.whl", hash = "sha256:7631304106487480ebbd8acbe44ff1e69d1fdc27e83d9753dc1fd227cea10761"},
    {file = "pymongo-4.15.5-cp314-cp314-manylinux2014_aarch64.manylinux_2_17_aarch64.manylinux_2_28_aarch64.whl", hash = "sha256:50505181365eba5d4d35c462870b3614c8eddd0b2407c89377c1a59380640dd9"},
    {file = "pymongo-4.15.5-cp314-cp314-manylinux2014_ppc64le.manylinux_2_17_ppc64le.manylinux_2_28_ppc64le.whl", hash = "sha256:3b75ec7006471299a571d6db1c5609ea4aa9c847a701e9b2953a8ede705d82db"},
    {file = "pymongo-4.15.5-cp314-cp314-manylinux2014_s390x.manylinux_2_17_s390x.manylinux_2_28_s390x.whl", hash = "sha256:c3fc24cb1f4ec60ed83162d4bba0c26abc6c9ae78c928805583673f3b3ea6984"},
    {file = "pymongo-4.15.5-cp314-cp314-manylinux2014_x86_64.manylinux_2_17_x86_64.manylinux_2_28_x86_64.whl", hash = "sha256:21d17bb2934b0640863361c08dd06991f128a97f9bee19425a499227be9ae6b4"},
    {file = "pymongo-4.15.5-cp314-cp314-win32.whl", hash = "sha256:5a3974236cb842b4ef50a5a6bfad9c7d83a713af68ea3592ba240bbcb863305a"},
    {file = "pymongo-4.15.5-cp314-cp314-win_amd64.whl", hash = "sha256:73fa8a7eee44fd95ba7d5cf537340ff3ff34efeb1f7d6790532d0a6ed4dee575"},
    {file = "pymongo-4.15.5-cp314-cp314-win_arm64.whl", hash = "sha256:d41288ca2a3eb9ac7c8cad4ea86ef8d63b69dc46c9b65c2bbd35331ec2a0fc57"},
    {file = "pymongo-4.15.5-cp314-cp314t-macosx_10_15_x86_64.whl", hash = "sha256:552670f0c8bff103656d4e4b1f2c018f789c9de03f7615ed5e547d5b1b83cda0"},
    {file = "pymongo-4.15.5-cp314-cp314t-macosx_11_0_arm64.whl", hash = "sha256:41891b45f6ff1e23cfd1b7fbe40286664ad4507e2d2aa61c6d8c40eb6e11dded"},
    {file = "pymongo-4.15.5-cp314-cp314t-manylinux1_i686.manylinux_2_28_i686.manylinux_2_5_i686.whl", hash = "sha256:524a8a593ae2eb1ec6db761daf0c03f98824e9882ab7df3d458d0c76c7ade255"},
    {file = "pymongo-4.15.5-cp314-cp314t-manylinux2014_aarch64.manylinux_2_17_aarch64.manylinux_2_28_aarch64.whl", hash = "sha256:e7ceb35c41b86711a1b284c604e2b944a2d46cb1b8dd3f8b430a9155491378f2"},
    {file = "pymongo-4.15.5-cp314-cp314t-manylinux2014_ppc64le.manylinux_2_17_ppc64le.manylinux_2_28_ppc64le.whl", hash = "sha256:3be2336715924be3a861b5e40c634376fd6bfe6dd1892d391566aa5a88a31307"},
    {file = "pymongo-4.15.5-cp314-cp314t-manylinux2014_s390x.manylinux_2_17_s390x.manylinux_2_28_s390x.whl", hash = "sha256:d65df9c015e33f74ea9d1abf474971abca21e347a660384f8227dbdab75a33ca"},
    {file = "pymongo-4.15.5-cp314-cp314t-manylinux2014_x86_64.manylinux_2_17_x86_64.manylinux_2_28_x86_64.whl", hash = "sha256:83c05bea05e151754357f8e6bbb80d5accead5110dc58f64e283173c71ec9de2"},
    {file = "pymongo-4.15.5-cp314-cp314t-win32.whl", hash = "sha256:7c285614a3e8570b03174a25db642e449b0e7f77a6c9e487b73b05c9bf228ee6"},
    {file = "pymongo-4.15.5-cp314-cp314t-win_amd64.whl", hash = "sha256:aae7d96f7b2b1a2753349130797543e61e93ee2ace8faa7fbe0565e2eb5d815f"},
    {file = "pymongo-4.15.5-cp314-cp314t-win_arm64.whl", hash = "sha256:576a7d4b99465d38112c72f7f3d345f9d16aeeff0f923a3b298c13e15ab4f0ad"},
    {file = "pymongo-4.15.5-cp39-cp39-macosx_10_9_x86_64.whl", hash = "sha256:092ed5f3a53b546f8350a77976dabb0a11105d6b7c0f86a39934464168c97cff"},
    {file = "pymongo-4.15.5-cp39-cp39-macosx_11_0_arm64.whl", hash = "sha256:5762f6445a611b34eb500260303483520bd73e6816a39503378444d551e92f7c"},
    {file = "pymongo-4.15.5-cp39-cp39-manylinux1_i686.manylinux_2_28_i686.manylinux_2_5_i686.whl", hash = "sha256:397fa40b6d331949debd3e0892c420a81a44e7e0f5a570661910b0c57a7e7431"},
    {file = "pymongo-4.15.5-cp39-cp39-manylinux2014_aarch64.manylinux_2_17_aarch64.manylinux_2_28_aarch64.whl", hash = "sha256:d5710c0e04c37932984241282d3011304c35eb798a0026d84e1bd3525266d026"},
    {file = "pymongo-4.15.5-cp39-cp39-manylinux2014_ppc64le.manylinux_2_17_ppc64le.manylinux_2_28_ppc64le.whl", hash = "sha256:7a476310f3c9bdba08ab4b1d4309ee308a1b9e22823210fd7b48c83709e95ac4"},
    {file = "pymongo-4.15.5-cp39-cp39-manylinux2014_s390x.manylinux_2_17_s390x.manylinux_2_28_s390x.whl", hash = "sha256:db5689bd2c1cf1dc4f4e94ec8a012ea521f9892a85b3c694fa9ace7cdc2d0416"},
    {file = "pymongo-4.15.5-cp39-cp39-manylinux2014_x86_64.manylinux_2_17_x86_64.manylinux_2_28_x86_64.whl", hash = "sha256:1e2623deb5be1b5bc23319ba5ab435b5a526a1e92739ff0e0e9048823f295460"},
    {file = "pymongo-4.15.5-cp39-cp39-win32.whl", hash = "sha256:addaaa62c357e8de3d0fca2fce1acf5b72f4bbf4e7bb35ce1dd68e40e73880f9"},
    {file = "pymongo-4.15.5-cp39-cp39-win_amd64.whl", hash = "sha256:1e4070593ea98bc6def3c84cfc6de28da289e4ed944bb20845f9de9beefb0921"},
    {file = "pymongo-4.15.5-cp39-cp39-win_arm64.whl", hash = "sha256:01227e6bc75a949f7d3303005e27707a0e14a941dc63a183cd449c80e7853fe3"},
    {file = "pymongo-4.15.5.tar.gz", hash = "sha256:3a8d6bf2610abe0c97c567cf98bf5bba3e90ccc93cc03c9dde75fa11e4267b42"},
]

[package.dependencies]
dnspython = ">=1.16.0,<3.0.0"

[package.extras]
aws = ["pymongo-auth-aws (>=1.1.0,<2.0.0)"]
docs = ["furo (==2025.7.19)", "readthedocs-sphinx-search (>=0.3,<1.0)", "sphinx (>=5.3,<9)", "sphinx-autobuild (>=2020.9.1)", "sphinx-rtd-theme (>=2,<4)", "sphinxcontrib-shellcheck (>=1,<2)"]
encryption = ["certifi ; os_name == \"nt\" or sys_platform == \"darwin\"", "pymongo-auth-aws (>=1.1.0,<2.0.0)", "pymongocrypt (>=1.13.0,<2.0.0)"]
gssapi = ["pykerberos ; os_name != \"nt\"", "winkerberos (>=0.5.0) ; os_name == \"nt\""]
ocsp = ["certifi ; os_name == \"nt\" or sys_platform == \"darwin\"", "cryptography (>=2.5)", "pyopenssl (>=17.2.0)", "requests (<3.0.0)", "service-identity (>=18.1.0)"]
snappy = ["python-snappy"]
test = ["pytest (>=8.2)", "pytest-asyncio (>=0.24.0)"]
zstd = ["zstandard"]

[[package]]
name = "pyside6"
version = "6.11.1"
description = "Python bindings for the Qt cross-platform application and UI framework"
optional = false
python-versions = "<3.15,>=3.10"
groups = ["main"]
files = [
    {file = "pyside6-6.11.1-cp310-abi3-macosx_13_0_universal2.whl", hash = "sha256:537682c3b7530817203e667c1f5a2f00486b37bf52c52eeab438544c7a0917f6"},
    {file = "pyside6-6.11.1-cp310-abi3-manylinux_2_34_x86_64.whl", hash = "sha256:b1fc521ba2bb5109425ab8add06bddbdd524abcad06cfa012cc39a22a189feb2"},
    {file = "pyside6-6.11.1-cp310-abi3-manylinux_2_39_aarch64.whl", hash = "sha256:75f0005c3eb95c07cfb65522ec50d0815ac007a96482c21dc3cb4b4c04895d84"},
    {file = "pyside6-6.11.1-cp310-abi3-win_amd64.whl", hash = "sha256:0968877ab1fb4ef3587a284da6fe05e8647ada56a6a3750b6395188e01f4aba6"},
    {file = "pyside6-6.11.1-cp310-abi3-win_arm64.whl", hash = "sha256:acee467cb5f256cc47ebb9d815a054c1d8416da380c191b247a76d164aa3f805"},
]

[package.dependencies]
PySide6_Addons = "6.11.1"
PySide6_Essentials = "6.11.1"
shiboken6 = "6.11.1"

[[package]]
name = "pyside6-addons"
version = "6.11.1"
description = "Python bindings for the Qt cross-platform application and UI framework (Addons)"
optional = false
python-versions = "<3.15,>=3.10"
groups = ["main"]
files = [
    {file = "pyside6_addons-6.11.1-cp310-abi3-macosx_13_0_universal2.whl", hash = "sha256:54733c77f789bef5f03c6aff4ad3bec8b2eff021f0cfcbc53d5e6c250ded24f9"},
    {file = "pyside6_addons-6.11.1-cp310-abi3-manylinux_2_34_x86_64.whl", hash = "sha256:8e6c65fbd73a512d6f72cda8d8277444a85a34dc99dd1dae9c21d35b8671bb1f"},
    {file = "pyside6_addons-6.11.1-cp310-abi3-manylinux_2_39_aarch64.whl", hash = "sha256:bf1c6c4e954e5eba3d2a7c661ad4b9689e8f09c7f4a16bdf29713371d11af993"},
    {file = "pyside6_addons-6.11.1-cp310-abi3-win_amd64.whl", hash = "sha256:0d13c4dfd671b050a48e4f8d8ddc724b7248f9c0437e7fc47fdf316278572923"},
    {file = "pyside6_addons-6.11.1-cp310-abi3-win_arm64.whl", hash = "sha256:3494f480dee92f415be2f2d989c0b3f4755ac332b28045cbf4ba0f5c5a22ba37"},
]

[package.dependencies]
PySide6_Essentials = "6.11.1"
shiboken6 = "6.11.1"

[[package]]
name = "pyside6-essentials"
version = "6.11.1"
description = "Python bindings for the Qt cross-platform application and UI framework (Essentials)"
optional = false
python-versions = "<3.15,>=3.10"
groups = ["main"]
files = [
    {file = "pyside6_essentials-6.11.1-cp310-abi3-macosx_13_0_universal2.whl", hash = "sha256:228de53c2bc26b07e5021fbe3614fc44ca08e4dab9999af08c2b389d2c239957"},
    {file = "pyside6_essentials-6.11.1-cp310-abi3-manylinux_2_34_x86_64.whl", hash = "sha256:e3ef7027b41e4e55fadb56e3b3257dc8ee92154b639fe67fc4c8e05e9d976c60"},
    {file = "pyside6_essentials-6.11.1-cp310-abi3-manylinux_2_39_aarch64.whl", hash = "sha256:a039b6da68a3a4b9d243217b2b98d475eed3f617159ef6be925badab53c11b0d"},
    {file = "pyside6_essentials-6.11.1-cp310-abi3-win_amd64.whl", hash = "sha256:63311bd48e32c584599ab04b9ef7c324082374cd2c9fa533f978fb893bb47e40"},
    {file = "pyside6_essentials-6.11.1-cp310-abi3-win_arm64.whl", hash = "sha256:11253ea52aabecefe9febddbbe78b43a824129e3af1cec98431028fba7fa954f"},
]

[package.dependencies]
shiboken6 = "6.11.1"

[[package]]
name = "python-dotenv"
version = "1.2.1"
description = "Read key-value pairs from a .env file and set them as environment variables"
optional = false
python-versions = ">=3.9"
groups = ["main"]
files = [
    {file = "python_dotenv-1.2.1-py3-none-any.whl", hash = "sha256:b81ee9561e9ca4004139c6cbba3a238c32b03e4894671e181b671e8cb8425d61"},
    {file = "python_dotenv-1.2.1.tar.gz", hash = "sha256:42667e897e16ab0d66954af0e60a9caa94f0fd4ecf3aaf6d2d260eec1aa36ad6"},
]

[package.extras]
cli = ["click (>=5.0)"]

[[package]]
name = "pywin32-ctypes"
version = "0.2.3"
description = "A (partial) reimplementation of pywin32 using ctypes/cffi"
optional = false
python-versions = ">=3.6"
groups = ["dev"]
markers = "sys_platform == \"win32\""
files = [
    {file = "pywin32-ctypes-0.2.3.tar.gz", hash = "sha256:d162dc04946d704503b2edc4d55f3dba5c1d539ead017afa00142c38b9885755"},
    {file = "pywin32_ctypes-0.2.3-py3-none-any.whl", hash = "sha256:8a1513379d709975552d202d942d9837758905c8d01eb82b8bcc30918929e7b8"},
]

[[package]]
name = "qtpy"
version = "2.4.3"
description = "Provides an abstraction layer on top of the various Qt bindings (PyQt5/6 and PySide2/6)."
optional = false
python-versions = ">=3.7"
groups = ["main"]
files = [
    {file = "QtPy-2.4.3-py3-none-any.whl", hash = "sha256:72095afe13673e017946cc258b8d5da43314197b741ed2890e563cf384b51aa1"},
    {file = "qtpy-2.4.3.tar.gz", hash = "sha256:db744f7832e6d3da90568ba6ccbca3ee2b3b4a890c3d6fbbc63142f6e4cdf5bb"},
]

[package.dependencies]
packaging = "*"

[package.extras]
test = ["pytest (>=6,!=7.0.0,!=7.0.1)", "pytest-cov (>=3.0.0)", "pytest-qt"]

[[package]]
name = "qtpynodeeditor"
version = "0.3.3"
description = "Python Qt node editor"
optional = false
python-versions = ">=3.9"
groups = ["main"]
files = [
    {file = "qtpynodeeditor-0.3.3-py3-none-any.whl", hash = "sha256:e64e1f0c0402848d8870e3278201dc615cf6a146e71cdc4054645dd272ff6587"},
    {file = "qtpynodeeditor-0.3.3.tar.gz", hash = "sha256:88830423efbb870e5ec887b9e159e47ba314f04e4efb280cd90f9eae40b91e7a"},
]

[package.dependencies]
qtpy = "*"

[package.extras]
doc = ["ipython", "numpydoc", "sphinx", "sphinx-copybutton", "sphinx_rtd_theme", "sphinxcontrib-jquery"]
pyqt = ["PyQt6"]
pyqt5 = ["PyQt5"]
pyqt6 = ["PyQt6"]
pyside = ["PySide6"]
pyside6 = ["PySide6"]
test = ["pytest", "pytest-cov", "pytest-qt"]

[[package]]
name = "setuptools"
version = "80.9.0"
description = "Easily download, build, install, upgrade, and uninstall Python packages"
optional = false
python-versions = ">=3.9"
groups = ["dev"]
files = [
    {file = "setuptools-80.9.0-py3-none-any.whl", hash = "sha256:062d34222ad13e0cc312a4c02d73f059e86a4acbfbdea8f8f76b28c99f306922"},
    {file = "setuptools-80.9.0.tar.gz", hash = "sha256:f36b47402ecde768dbfafc46e8e4207b4360c654f1f3bb84475f0a28628fb19c"},
]

[package.extras]
check = ["pytest-checkdocs (>=2.4)", "pytest-ruff (>=0.2.1) ; sys_platform != \"cygwin\"", "ruff (>=0.8.0) ; sys_platform != \"cygwin\""]
core = ["importlib_metadata (>=6) ; python_version < \"3.10\"", "jaraco.functools (>=4)", "jaraco.text (>=3.7)", "more_itertools", "more_itertools (>=8.8)", "packaging (>=24.2)", "platformdirs (>=4.2.2)", "tomli (>=2.0.1) ; python_version < \"3.11\"", "wheel (>=0.43.0)"]
cover = ["pytest-cov"]
doc = ["furo", "jaraco.packaging (>=9.3)", "jaraco.tidelift (>=1.4)", "pygments-github-lexers (==0.0.5)", "pyproject-hooks (!=1.1)", "rst.linker (>=1.9)", "sphinx (>=3.5)", "sphinx-favicon", "sphinx-inline-tabs", "sphinx-lint", "sphinx-notfound-page (>=1,<2)", "sphinx-reredirects", "sphinxcontrib-towncrier", "towncrier (<24.7)"]
enabler = ["pytest-enabler (>=2.2)"]
test = ["build[virtualenv] (>=1.0.3)", "filelock (>=3.4.0)", "ini2toml[lite] (>=0.14)", "jaraco.develop (>=7.21) ; python_version >= \"3.9\" and sys_platform != \"cygwin\"", "jaraco.envs (>=2.2)", "jaraco.path (>=3.7.2)", "jaraco.test (>=5.5)", "packaging (>=24.2)", "pip (>=19.1)", "pyproject-hooks (!=1.1)", "pytest (>=6,!=8.1.*)", "pytest-home (>=0.5)", "pytest-perf ; sys_platform != \"cygwin\"", "pytest-subprocess", "pytest-timeout", "pytest-xdist (>=3)", "tomli-w (>=1.0.0)", "virtualenv (>=13.0.0)", "wheel (>=0.44.0)"]
type = ["importlib_metadata (>=7.0.2) ; python_version < \"3.10\"", "jaraco.develop (>=7.21) ; sys_platform != \"cygwin\"", "mypy (==1.14.*)", "pytest-mypy"]

[[package]]
name = "shiboken6"
version = "6.11.1"
description = "Python/C++ bindings helper module"
optional = false
python-versions = "<3.15,>=3.10"
groups = ["main"]
files = [
    {file = "shiboken6-6.11.1-cp310-abi3-macosx_13_0_universal2.whl", hash = "sha256:1a16867f103ef1c662a5f09dfed03273a9f81688b174555162c58e83650a3f02"},
    {file = "shiboken6-6.11.1-cp310-abi3-manylinux_2_34_x86_64.whl", hash = "sha256:9a8bccfafc8805254cabcfa1edfaf55cd52889f4998c91ad0d9a4433fb1bcdbe"},
    {file = "shiboken6-6.11.1-cp310-abi3-manylinux_2_39_aarch64.whl", hash = "sha256:1bd2f4314414df2d122d9f646e03b731bc6d6b5f77a5f53f99a4fe4e97d84e6f"},
    {file = "shiboken6-6.11.1-cp310-abi3-win_amd64.whl", hash = "sha256:c2c6863aa80ec18c0f82cea3417837b279cdc60024ac17123461dc9042577df7"},
    {file = "shiboken6-6.11.1-cp310-abi3-win_arm64.whl", hash = "sha256:7c8d9af17db4495d4fa5b1c393f218311c4855546b9dfa6a0bd21bcd66b55e9d"},
]

[[package]]
name = "sortedcontainers"
version = "2.4.0"
description = "Sorted Containers -- Sorted List, Sorted Dict, Sorted Set"
optional = false
python-versions = "*"
groups = ["main"]
files = [
    {file = "sortedcontainers-2.4.0-py2.py3-none-any.whl", hash = "sha256:a163dcaede0f1c021485e957a39245190e74249897e2ae4b2aa38595db237ee0"},
    {file = "sortedcontainers-2.4.0.tar.gz", hash = "sha256:25caa5a06cc30b6b83d11423433f65d1f9d76c4c6a0c90e3379eaa43b9bfdb88"},
]

[metadata]
lock-version = "2.1"
python-versions = ">=3.11,<3.15"
content-hash = "7141f9f011998a9eef8108c385a345d7094bbca9c0415d668d028eff2dfc84be"
